
Microsoft Visual Studio Solution File, Format Version 12.00
# Visual Studio Version 17
VisualStudioVersion = 17.1.32421.90
MinimumVisualStudioVersion = 10.0.40219.1
Project("{FAE04EC0-301F-11D3-BF4B-00C04F79EFBC}") = "Lesson1_HomeWork1", "Lesson1_HomeWork1\Lesson1_HomeWork1.csproj", "{D598EDD3-22BD-4F2F-82EE-69CEE4EDEC45}"
EndProject
Project("{FAE04EC0-301F-11D3-BF4B-00C04F79EFBC}") = "Lesson2_HomeWork2", "Lesson2_HomeWork2\Lesson2_HomeWork2.csproj", "{E31DDD61-63E9-4C37-B61A-E12C8027080B}"
EndProject
Project("{FAE04EC0-301F-11D3-BF4B-00C04F79EFBC}") = "Lesson3_HomeWork3", "Lesson3_HomeWork3\Lesson3_HomeWork3.csproj", "{B6FE7E83-E1C3-4D92-873C-2FD1D5380869}"
EndProject
Project("{FAE04EC0-301F-11D3-BF4B-00C04F79EFBC}") = "Lesson4_HomeWork4", "Lesson4_HomeWork4\Lesson4_HomeWork4.csproj", "{CE81BFDF-E8EE-4201-850B-A2A489F6F387}"
EndProject
Project("{FAE04EC0-301F-11D3-BF4B-00C04F79EFBC}") = "Lesson5_HomeWork5", "Lesson5_HomeWork5\Lesson5_HomeWork5.csproj", "{D0CE9ACE-A934-40D1-807B-7CCF2DD9E34E}"
EndProject
Project("{FAE04EC0-301F-11D3-BF4B-00C04F79EFBC}") = "Lesson6_HomeWork6", "Lesson6_HomeWork6\Lesson6_HomeWork6.csproj", "{7C68DF6F-9E5C-43F7-ABD1-A25ED28153B4}"
EndProject
Project("{FAE04EC0-301F-11D3-BF4B-00C04F79EFBC}") = "Lesson7_HomeWorkd7", "Lesson7_HomeWorkd7\Lesson7_HomeWorkd7.csproj", "{66413ECA-4FDF-4E25-9FF0-2841445279CF}"
EndProject
Project("{FAE04EC0-301F-11D3-BF4B-00C04F79EFBC}") = "Lesson8_HomeWork8", "Lesson8_HomeWork8\Lesson8_HomeWork8.csproj", "{ABBB86C1-7598-4F64-9561-0B3F29973685}"
EndProject
Global
	GlobalSection(SolutionConfigurationPlatforms) = preSolution
		Debug|Any CPU = Debug|Any CPU
		Release|Any CPU = Release|Any CPU
	EndGlobalSection
	GlobalSection(ProjectConfigurationPlatforms) = postSolution
		{D598EDD3-22BD-4F2F-82EE-69CEE4EDEC45}.Debug|Any CPU.ActiveCfg = Debug|Any CPU
		{D598EDD3-22BD-4F2F-82EE-69CEE4EDEC45}.Release|Any CPU.ActiveCfg = Release|Any CPU
		{D598EDD3-22BD-4F2F-82EE-69CEE4EDEC45}.Release|Any CPU.Build.0 = Release|Any CPU
		{E31DDD61-63E9-4C37-B61A-E12C8027080B}.Debug|Any CPU.ActiveCfg = Debug|Any CPU
		{E31DDD61-63E9-4C37-B61A-E12C8027080B}.Release|Any CPU.ActiveCfg = Release|Any CPU
		{E31DDD61-63E9-4C37-B61A-E12C8027080B}.Release|Any CPU.Build.0 = Release|Any CPU
		{B6FE7E83-E1C3-4D92-873C-2FD1D5380869}.Debug|Any CPU.ActiveCfg = Debug|Any CPU
		{B6FE7E83-E1C3-4D92-873C-2FD1D5380869}.Release|Any CPU.ActiveCfg = Release|Any CPU
		{B6FE7E83-E1C3-4D92-873C-2FD1D5380869}.Release|Any CPU.Build.0 = Release|Any CPU
		{CE81BFDF-E8EE-4201-850B-A2A489F6F387}.Debug|Any CPU.ActiveCfg = Debug|Any CPU
		{CE81BFDF-E8EE-4201-850B-A2A489F6F387}.Release|Any CPU.ActiveCfg = Release|Any CPU
		{CE81BFDF-E8EE-4201-850B-A2A489F6F387}.Release|Any CPU.Build.0 = Release|Any CPU
		{D0CE9ACE-A934-40D1-807B-7CCF2DD9E34E}.Debug|Any CPU.ActiveCfg = Debug|Any CPU
		{D0CE9ACE-A934-40D1-807B-7CCF2DD9E34E}.Release|Any CPU.ActiveCfg = Release|Any CPU
		{D0CE9ACE-A934-40D1-807B-7CCF2DD9E34E}.Release|Any CPU.Build.0 = Release|Any CPU
		{7C68DF6F-9E5C-43F7-ABD1-A25ED28153B4}.Debug|Any CPU.ActiveCfg = Debug|Any CPU
		{7C68DF6F-9E5C-43F7-ABD1-A25ED28153B4}.Release|Any CPU.ActiveCfg = Release|Any CPU
		{7C68DF6F-9E5C-43F7-ABD1-A25ED28153B4}.Release|Any CPU.Build.0 = Release|Any CPU
		{66413ECA-4FDF-4E25-9FF0-2841445279CF}.Debug|Any CPU.ActiveCfg = Debug|Any CPU
		{66413ECA-4FDF-4E25-9FF0-2841445279CF}.Release|Any CPU.ActiveCfg = Release|Any CPU
		{66413ECA-4FDF-4E25-9FF0-2841445279CF}.Release|Any CPU.Build.0 = Release|Any CPU
		{ABBB86C1-7598-4F64-9561-0B3F29973685}.Debug|Any CPU.ActiveCfg = Debug|Any CPU
		{ABBB86C1-7598-4F64-9561-0B3F29973685}.Debug|Any CPU.Build.0 = Debug|Any CPU
		{ABBB86C1-7598-4F64-9561-0B3F29973685}.Release|Any CPU.ActiveCfg = Release|Any CPU
		{ABBB86C1-7598-4F64-9561-0B3F29973685}.Release|Any CPU.Build.0 = Release|Any CPU
	EndGlobalSection
	GlobalSection(SolutionProperties) = preSolution
		HideSolutionNode = FALSE
	EndGlobalSection
	GlobalSection(ExtensibilityGlobals) = postSolution
		SolutionGuid = {4E249FB8-C813-4E65-B134-CCE5E829B2A2}
	EndGlobalSection
EndGlobal
